// !$*UTF8*$!
{
	archiveVersion = 1;
	classes = {
	};
	objectVersion = 56;
	objects = {

/* Begin PBXBuildFile section */
		7FD0511D2A70A38900F60BCD /* AppDelegate.m in Sources */ = {isa = PBXBuildFile; fileRef = 7FD0511C2A70A38900F60BCD /* AppDelegate.m */; };
		7FD051232A70A38900F60BCD /* ViewController.m in Sources */ = {isa = PBXBuildFile; fileRef = 7FD051222A70A38900F60BCD /* ViewController.m */; };
		7FD051282A70A38B00F60BCD /* Assets.xcassets in Resources */ = {isa = PBXBuildFile; fileRef = 7FD051272A70A38B00F60BCD /* Assets.xcassets */; };
		7FD0512B2A70A38B00F60BCD /* LaunchScreen.storyboard in Resources */ = {isa = PBXBuildFile; fileRef = 7FD051292A70A38B00F60BCD /* LaunchScreen.storyboard */; };
		7FD0512E2A70A38B00F60BCD /* main.m in Sources */ = {isa = PBXBuildFile; fileRef = 7FD0512D2A70A38B00F60BCD /* main.m */; };
		92EAFB44B85EF29FFA11FE3C /* Pods_BeiZiSDKTest.framework in Frameworks */ = {isa = PBXBuildFile; fileRef = EA5508B5485B699F57D326FE /* Pods_BeiZiSDKTest.framework */; };
/* End PBXBuildFile section */

/* Begin PBXFileReference section */
		7FD051182A70A38900F60BCD /* BeiZiSDKTest.app */ = {isa = PBXFileReference; explicitFileType = wrapper.application; includeInIndex = 0; path = BeiZiSDKTest.app; sourceTree = BUILT_PRODUCTS_DIR; };
		7FD0511B2A70A38900F60BCD /* AppDelegate.h */ = {isa = PBXFileReference; lastKnownFileType = sourcecode.c.h; path = AppDelegate.h; sourceTree = "<group>"; };
		7FD0511C2A70A38900F60BCD /* AppDelegate.m */ = {isa = PBXFileReference; lastKnownFileType = sourcecode.c.objc; path = AppDelegate.m; sourceTree = "<group>"; };
		7FD051212A70A38900F60BCD /* ViewController.h */ = {isa = PBXFileReference; lastKnownFileType = sourcecode.c.h; path = ViewController.h; sourceTree = "<group>"; };
		7FD051222A70A38900F60BCD /* ViewController.m */ = {isa = PBXFileReference; lastKnownFileType = sourcecode.c.objc; path = ViewController.m; sourceTree = "<group>"; };
		7FD051272A70A38B00F60BCD /* Assets.xcassets */ = {isa = PBXFileReference; lastKnownFileType = folder.assetcatalog; path = Assets.xcassets; sourceTree = "<group>"; };
		7FD0512A2A70A38B00F60BCD /* Base */ = {isa = PBXFileReference; lastKnownFileType = file.storyboard; name = Base; path = Base.lproj/LaunchScreen.storyboard; sourceTree = "<group>"; };
		7FD0512C2A70A38B00F60BCD /* Info.plist */ = {isa = PBXFileReference; lastKnownFileType = text.plist.xml; path = Info.plist; sourceTree = "<group>"; };
		7FD0512D2A70A38B00F60BCD /* main.m */ = {isa = PBXFileReference; lastKnownFileType = sourcecode.c.objc; path = main.m; sourceTree = "<group>"; };
		8368530267BBC836D44519A3 /* Pods-BeiZiSDKTest.release.xcconfig */ = {isa = PBXFileReference; includeInIndex = 1; lastKnownFileType = text.xcconfig; name = "Pods-BeiZiSDKTest.release.xcconfig"; path = "Target Support Files/Pods-BeiZiSDKTest/Pods-BeiZiSDKTest.release.xcconfig"; sourceTree = "<group>"; };
		D620B45C1183AC6106FF3E0B /* Pods-BeiZiSDKTest.debug.xcconfig */ = {isa = PBXFileReference; includeInIndex = 1; lastKnownFileType = text.xcconfig; name = "Pods-BeiZiSDKTest.debug.xcconfig"; path = "Target Support Files/Pods-BeiZiSDKTest/Pods-BeiZiSDKTest.debug.xcconfig"; sourceTree = "<group>"; };
		EA5508B5485B699F57D326FE /* Pods_BeiZiSDKTest.framework */ = {isa = PBXFileReference; explicitFileType = wrapper.framework; includeInIndex = 0; path = Pods_BeiZiSDKTest.framework; sourceTree = BUILT_PRODUCTS_DIR; };
/* End PBXFileReference section */

/* Begin PBXFrameworksBuildPhase section */
		7FD051152A70A38900F60BCD /* Frameworks */ = {
			isa = PBXFrameworksBuildPhase;
			buildActionMask = 2147483647;
			files = (
				92EAFB44B85EF29FFA11FE3C /* Pods_BeiZiSDKTest.framework in Frameworks */,
			);
			runOnlyForDeploymentPostprocessing = 0;
		};
/* End PBXFrameworksBuildPhase section */

/* Begin PBXGroup section */
		2EBE8FCC8E8C10B8F9EA14D1 /* Frameworks */ = {
			isa = PBXGroup;
			children = (
				EA5508B5485B699F57D326FE /* Pods_BeiZiSDKTest.framework */,
			);
			name = Frameworks;
			sourceTree = "<group>";
		};
		7FD0510F2A70A38900F60BCD = {
			isa = PBXGroup;
			children = (
				7FD0511A2A70A38900F60BCD /* BeiZiSDKTest */,
				7FD051192A70A38900F60BCD /* Products */,
				D5530C6EC02036E68022DD4D /* Pods */,
				2EBE8FCC8E8C10B8F9EA14D1 /* Frameworks */,
			);
			sourceTree = "<group>";
		};
		7FD051192A70A38900F60BCD /* Products */ = {
			isa = PBXGroup;
			children = (
				7FD051182A70A38900F60BCD /* BeiZiSDKTest.app */,
			);
			name = Products;
			sourceTree = "<group>";
		};
		7FD0511A2A70A38900F60BCD /* BeiZiSDKTest */ = {
			isa = PBXGroup;
			children = (
				7FD0511B2A70A38900F60BCD /* AppDelegate.h */,
				7FD0511C2A70A38900F60BCD /* AppDelegate.m */,
				7FD051212A70A38900F60BCD /* ViewController.h */,
				7FD051222A70A38900F60BCD /* ViewController.m */,
				7FD051272A70A38B00F60BCD /* Assets.xcassets */,
				7FD051292A70A38B00F60BCD /* LaunchScreen.storyboard */,
				7FD0512C2A70A38B00F60BCD /* Info.plist */,
				7FD0512D2A70A38B00F60BCD /* main.m */,
			);
			path = BeiZiSDKTest;
			sourceTree = "<group>";
		};
		D5530C6EC02036E68022DD4D /* Pods */ = {
			isa = PBXGroup;
			children = (
				D620B45C1183AC6106FF3E0B /* Pods-BeiZiSDKTest.debug.xcconfig */,
				8368530267BBC836D44519A3 /* Pods-BeiZiSDKTest.release.xcconfig */,
			);
			path = Pods;
			sourceTree = "<group>";
		};
/* End PBXGroup section */

/* Begin PBXNativeTarget section */
		7FD051172A70A38900F60BCD /* BeiZiSDKTest */ = {
			isa = PBXNativeTarget;
			buildConfigurationList = 7FD051312A70A38B00F60BCD /* Build configuration list for PBXNativeTarget "BeiZiSDKTest" */;
			buildPhases = (
				20E02D72E3B8C4C316891A72 /* [CP] Check Pods Manifest.lock */,
				7FD051142A70A38900F60BCD /* Sources */,
				7FD051152A70A38900F60BCD /* Frameworks */,
				7FD051162A70A38900F60BCD /* Resources */,
			);
			buildRules = (
			);
			dependencies = (
			);
			name = BeiZiSDKTest;
			productName = BeiZiSDKTest;
			productReference = 7FD051182A70A38900F60BCD /* BeiZiSDKTest.app */;
			productType = "com.apple.product-type.application";
		};
/* End PBXNativeTarget section */

/* Begin PBXProject section */
		7FD051102A70A38900F60BCD /* Project object */ = {
			isa = PBXProject;
			attributes = {
				BuildIndependentTargetsInParallel = 1;
				LastUpgradeCheck = 1420;
				TargetAttributes = {
					7FD051172A70A38900F60BCD = {
						CreatedOnToolsVersion = 14.2;
					};
				};
			};
			buildConfigurationList = 7FD051132A70A38900F60BCD /* Build configuration list for PBXProject "BeiZiSDKTest" */;
			compatibilityVersion = "Xcode 14.0";
			developmentRegion = en;
			hasScannedForEncodings = 0;
			knownRegions = (
				en,
				Base,
			);
			mainGroup = 7FD0510F2A70A38900F60BCD;
			productRefGroup = 7FD051192A70A38900F60BCD /* Products */;
			projectDirPath = "";
			projectRoot = "";
			targets = (
				7FD051172A70A38900F60BCD /* BeiZiSDKTest */,
			);
		};
/* End PBXProject section */

/* Begin PBXResourcesBuildPhase section */
		7FD051162A70A38900F60BCD /* Resources */ = {
			isa = PBXResourcesBuildPhase;
			buildActionMask = 2147483647;
			files = (
				7FD0512B2A70A38B00F60BCD /* LaunchScreen.storyboard in Resources */,
				7FD051282A70A38B00F60BCD /* Assets.xcassets in Resources */,
			);
			runOnlyForDeploymentPostprocessing = 0;
		};
/* End PBXResourcesBuildPhase section */

/* Begin PBXShellScriptBuildPhase section */
		20E02D72E3B8C4C316891A72 /* [CP] Check Pods Manifest.lock */ = {
			isa = PBXShellScriptBuildPhase;
			buildActionMask = 2147483647;
			files = (
			);
			inputFileListPaths = (
			);
			inputPaths = (
				"${PODS_PODFILE_DIR_PATH}/Podfile.lock",
				"${PODS_ROOT}/Manifest.lock",
			);
			name = "[CP] Check Pods Manifest.lock";
			outputFileListPaths = (
			);
			outputPaths = (
				"$(DERIVED_FILE_DIR)/Pods-BeiZiSDKTest-checkManifestLockResult.txt",
			);
			runOnlyForDeploymentPostprocessing = 0;
			shellPath = /bin/sh;
			shellScript = "diff \"${PODS_PODFILE_DIR_PATH}/Podfile.lock\" \"${PODS_ROOT}/Manifest.lock\" > /dev/null\nif [ $? != 0 ] ; then\n    # print error to STDERR\n    echo \"error: The sandbox is not in sync with the Podfile.lock. Run 'pod install' or update your CocoaPods installation.\" >&2\n    exit 1\nfi\n# This output is used by Xcode 'outputs' to avoid re-running this script phase.\necho \"SUCCESS\" > \"${SCRIPT_OUTPUT_FILE_0}\"\n";
			showEnvVarsInLog = 0;
		};
/* End PBXShellScriptBuildPhase section */

/* Begin PBXSourcesBuildPhase section */
		7FD051142A70A38900F60BCD /* Sources */ = {
			isa = PBXSourcesBuildPhase;
			buildActionMask = 2147483647;
			files = (
				7FD051232A70A38900F60BCD /* ViewController.m in Sources */,
				7FD0511D2A70A38900F60BCD /* AppDelegate.m in Sources */,
				7FD0512E2A70A38B00F60BCD /* main.m in Sources */,
			);
			runOnlyForDeploymentPostprocessing = 0;
		};
/* End PBXSourcesBuildPhase section */

/* Begin PBXVariantGroup section */
		7FD051292A70A38B00F60BCD /* LaunchScreen.storyboard */ = {
			isa = PBXVariantGroup;
			children = (
				7FD0512A2A70A38B00F60BCD /* Base */,
			);
			name = LaunchScreen.storyboard;
			sourceTree = "<group>";
		};
/* End PBXVariantGroup section */

/* Begin XCBuildConfiguration section */
		7FD0512F2A70A38B00F60BCD /* Debug */ = {
			isa = XCBuildConfiguration;
			buildSettings = {
				ALWAYS_SEARCH_USER_PATHS = NO;
				CLANG_ANALYZER_NONNULL = YES;
				CLANG_ANALYZER_NUMBER_OBJECT_CONVERSION = YES_AGGRESSIVE;
				CLANG_CXX_LANGUAGE_STANDARD = "gnu++20";
				CLANG_ENABLE_MODULES = YES;
				CLANG_ENABLE_OBJC_ARC = YES;
				CLANG_ENABLE_OBJC_WEAK = YES;
				CLANG_WARN_BLOCK_CAPTURE_AUTORELEASING = YES;
				CLANG_WARN_BOOL_CONVERSION = YES;
				CLANG_WARN_COMMA = YES;
				CLANG_WARN_CONSTANT_CONVERSION = YES;
				CLANG_WARN_DEPRECATED_OBJC_IMPLEMENTATIONS = YES;
				CLANG_WARN_DIRECT_OBJC_ISA_USAGE = YES_ERROR;
				CLANG_WARN_DOCUMENTATION_COMMENTS = YES;
				CLANG_WARN_EMPTY_BODY = YES;
				CLANG_WARN_ENUM_CONVERSION = YES;
				CLANG_WARN_INFINITE_RECURSION = YES;
				CLANG_WARN_INT_CONVERSION = YES;
				CLANG_WARN_NON_LITERAL_NULL_CONVERSION = YES;
				CLANG_WARN_OBJC_IMPLICIT_RETAIN_SELF = YES;
				CLANG_WARN_OBJC_LITERAL_CONVERSION = YES;
				CLANG_WARN_OBJC_ROOT_CLASS = YES_ERROR;
				CLANG_WARN_QUOTED_INCLUDE_IN_FRAMEWORK_HEADER = YES;
				CLANG_WARN_RANGE_LOOP_ANALYSIS = YES;
				CLANG_WARN_STRICT_PROTOTYPES = YES;
				CLANG_WARN_SUSPICIOUS_MOVE = YES;
				CLANG_WARN_UNGUARDED_AVAILABILITY = YES_AGGRESSIVE;
				CLANG_WARN_UNREACHABLE_CODE = YES;
				CLANG_WARN__DUPLICATE_METHOD_MATCH = YES;
				COPY_PHASE_STRIP = NO;
				DEBUG_INFORMATION_FORMAT = dwarf;
				ENABLE_STRICT_OBJC_MSGSEND = YES;
				ENABLE_TESTABILITY = YES;
				GCC_C_LANGUAGE_STANDARD = gnu11;
				GCC_DYNAMIC_NO_PIC = NO;
				GCC_NO_COMMON_BLOCKS = YES;
				GCC_OPTIMIZATION_LEVEL = 0;
				GCC_PREPROCESSOR_DEFINITIONS = (
					"DEBUG=1",
					"$(inherited)",
				);
				GCC_WARN_64_TO_32_BIT_CONVERSION = YES;
				GCC_WARN_ABOUT_RETURN_TYPE = YES_ERROR;
				GCC_WARN_UNDECLARED_SELECTOR = YES;
				GCC_WARN_UNINITIALIZED_AUTOS = YES_AGGRESSIVE;
				GCC_WARN_UNUSED_FUNCTION = YES;
				GCC_WARN_UNUSED_VARIABLE = YES;
				IPHONEOS_DEPLOYMENT_TARGET = 16.2;
				MTL_ENABLE_DEBUG_INFO = INCLUDE_SOURCE;
				MTL_FAST_MATH = YES;
				ONLY_ACTIVE_ARCH = YES;
				SDKROOT = iphoneos;
			};
			name = Debug;
		};
		7FD051302A70A38B00F60BCD /* Release */ = {
			isa = XCBuildConfiguration;
			buildSettings = {
				ALWAYS_SEARCH_USER_PATHS = NO;
				CLANG_ANALYZER_NONNULL = YES;
				CLANG_ANALYZER_NUMBER_OBJECT_CONVERSION = YES_AGGRESSIVE;
				CLANG_CXX_LANGUAGE_STANDARD = "gnu++20";
				CLANG_ENABLE_MODULES = YES;
				CLANG_ENABLE_OBJC_ARC = YES;
				CLANG_ENABLE_OBJC_WEAK = YES;
				CLANG_WARN_BLOCK_CAPTURE_AUTORELEASING = YES;
				CLANG_WARN_BOOL_CONVERSION = YES;
				CLANG_WARN_COMMA = YES;
				CLANG_WARN_CONSTANT_CONVERSION = YES;
				CLANG_WARN_DEPRECATED_OBJC_IMPLEMENTATIONS = YES;
				CLANG_WARN_DIRECT_OBJC_ISA_USAGE = YES_ERROR;
				CLANG_WARN_DOCUMENTATION_COMMENTS = YES;
				CLANG_WARN_EMPTY_BODY = YES;
				CLANG_WARN_ENUM_CONVERSION = YES;
				CLANG_WARN_INFINITE_RECURSION = YES;
				CLANG_WARN_INT_CONVERSION = YES;
				CLANG_WARN_NON_LITERAL_NULL_CONVERSION = YES;
				CLANG_WARN_OBJC_IMPLICIT_RETAIN_SELF = YES;
				CLANG_WARN_OBJC_LITERAL_CONVERSION = YES;
				CLANG_WARN_OBJC_ROOT_CLASS = YES_ERROR;
				CLANG_WARN_QUOTED_INCLUDE_IN_FRAMEWORK_HEADER = YES;
				CLANG_WARN_RANGE_LOOP_ANALYSIS = YES;
				CLANG_WARN_STRICT_PROTOTYPES = YES;
				CLANG_WARN_SUSPICIOUS_MOVE = YES;
				CLANG_WARN_UNGUARDED_AVAILABILITY = YES_AGGRESSIVE;
				CLANG_WARN_UNREACHABLE_CODE = YES;
				CLANG_WARN__DUPLICATE_METHOD_MATCH = YES;
				COPY_PHASE_STRIP = NO;
				DEBUG_INFORMATION_FORMAT = "dwarf-with-dsym";
				ENABLE_NS_ASSERTIONS = NO;
				ENABLE_STRICT_OBJC_MSGSEND = YES;
				GCC_C_LANGUAGE_STANDARD = gnu11;
				GCC_NO_COMMON_BLOCKS = YES;
				GCC_WARN_64_TO_32_BIT_CONVERSION = YES;
				GCC_WARN_ABOUT_RETURN_TYPE = YES_ERROR;
				GCC_WARN_UNDECLARED_SELECTOR = YES;
				GCC_WARN_UNINITIALIZED_AUTOS = YES_AGGRESSIVE;
				GCC_WARN_UNUSED_FUNCTION = YES;
				GCC_WARN_UNUSED_VARIABLE = YES;
				IPHONEOS_DEPLOYMENT_TARGET = 16.2;
				MTL_ENABLE_DEBUG_INFO = NO;
				MTL_FAST_MATH = YES;
				SDKROOT = iphoneos;
				VALIDATE_PRODUCT = YES;
			};
			name = Release;
		};
		7FD051322A70A38B00F60BCD /* Debug */ = {
			isa = XCBuildConfiguration;
			baseConfigurationReference = D620B45C1183AC6106FF3E0B /* Pods-BeiZiSDKTest.debug.xcconfig */;
			buildSettings = {
				ASSETCATALOG_COMPILER_APPICON_NAME = AppIcon;
				ASSETCATALOG_COMPILER_GLOBAL_ACCENT_COLOR_NAME = AccentColor;
				CODE_SIGN_STYLE = Automatic;
				CURRENT_PROJECT_VERSION = 1;
				DEVELOPMENT_TEAM = 7NS6PN5S8M;
				GENERATE_INFOPLIST_FILE = YES;
				INFOPLIST_FILE = BeiZiSDKTest/Info.plist;
				INFOPLIST_KEY_NSUserTrackingUsageDescription = "您的允许将用于个性化广告投放";
				INFOPLIST_KEY_UIApplicationSupportsIndirectInputEvents = YES;
				INFOPLIST_KEY_UILaunchStoryboardName = LaunchScreen.storyboard;
				INFOPLIST_KEY_UISupportedInterfaceOrientations_iPad = "UIInterfaceOrientationPortrait UIInterfaceOrientationPortraitUpsideDown UIInterfaceOrientationLandscapeLeft UIInterfaceOrientationLandscapeRight";
				INFOPLIST_KEY_UISupportedInterfaceOrientations_iPhone = "UIInterfaceOrientationPortrait UIInterfaceOrientationLandscapeLeft UIInterfaceOrientationLandscapeRight";
				IPHONEOS_DEPLOYMENT_TARGET = 14.0;
				LD_RUNPATH_SEARCH_PATHS = (
					"$(inherited)",
					"@executable_path/Frameworks",
				);
				MARKETING_VERSION = 1.0;
				PRODUCT_BUNDLE_IDENTIFIER = com.cookie.beizi.demo1;
				PRODUCT_NAME = "$(TARGET_NAME)";
				SUPPORTED_PLATFORMS = "iphoneos iphonesimulator";
				SUPPORTS_MACCATALYST = NO;
				SUPPORTS_MAC_DESIGNED_FOR_IPHONE_IPAD = NO;
				SWIFT_EMIT_LOC_STRINGS = YES;
				TARGETED_DEVICE_FAMILY = 1;
			};
			name = Debug;
		};
		7FD051332A70A38B00F60BCD /* Release */ = {
			isa = XCBuildConfiguration;
			baseConfigurationReference = 8368530267BBC836D44519A3 /* Pods-BeiZiSDKTest.release.xcconfig */;
			buildSettings = {
				ASSETCATALOG_COMPILER_APPICON_NAME = AppIcon;
				ASSETCATALOG_COMPILER_GLOBAL_ACCENT_COLOR_NAME = AccentColor;
				CODE_SIGN_STYLE = Automatic;
				CURRENT_PROJECT_VERSION = 1;
				DEVELOPMENT_TEAM = 7NS6PN5S8M;
				GENERATE_INFOPLIST_FILE = YES;
				INFOPLIST_FILE = BeiZiSDKTest/Info.plist;
				INFOPLIST_KEY_NSUserTrackingUsageDescription = "您的允许将用于个性化广告投放";
				INFOPLIST_KEY_UIApplicationSupportsIndirectInputEvents = YES;
				INFOPLIST_KEY_UILaunchStoryboardName = LaunchScreen.storyboard;
				INFOPLIST_KEY_UISupportedInterfaceOrientations_iPad = "UIInterfaceOrientationPortrait UIInterfaceOrientationPortraitUpsideDown UIInterfaceOrientationLandscapeLeft UIInterfaceOrientationLandscapeRight";
				INFOPLIST_KEY_UISupportedInterfaceOrientations_iPhone = "UIInterfaceOrientationPortrait UIInterfaceOrientationLandscapeLeft UIInterfaceOrientationLandscapeRight";
				IPHONEOS_DEPLOYMENT_TARGET = 14.0;
				LD_RUNPATH_SEARCH_PATHS = (
					"$(inherited)",
					"@executable_path/Frameworks",
				);
				MARKETING_VERSION = 1.0;
				PRODUCT_BUNDLE_IDENTIFIER = com.cookie.beizi.demo1;
				PRODUCT_NAME = "$(TARGET_NAME)";
				SUPPORTED_PLATFORMS = "iphoneos iphonesimulator";
				SUPPORTS_MACCATALYST = NO;
				SUPPORTS_MAC_DESIGNED_FOR_IPHONE_IPAD = NO;
				SWIFT_EMIT_LOC_STRINGS = YES;
				TARGETED_DEVICE_FAMILY = 1;
			};
			name = Release;
		};
/* End XCBuildConfiguration section */

/* Begin XCConfigurationList section */
		7FD051132A70A38900F60BCD /* Build configuration list for PBXProject "BeiZiSDKTest" */ = {
			isa = XCConfigurationList;
			buildConfigurations = (
				7FD0512F2A70A38B00F60BCD /* Debug */,
				7FD051302A70A38B00F60BCD /* Release */,
			);
			defaultConfigurationIsVisible = 0;
			defaultConfigurationName = Release;
		};
		7FD051312A70A38B00F60BCD /* Build configuration list for PBXNativeTarget "BeiZiSDKTest" */ = {
			isa = XCConfigurationList;
			buildConfigurations = (
				7FD051322A70A38B00F60BCD /* Debug */,
				7FD051332A70A38B00F60BCD /* Release */,
			);
			defaultConfigurationIsVisible = 0;
			defaultConfigurationName = Release;
		};
/* End XCConfigurationList section */
	};
	rootObject = 7FD051102A70A38900F60BCD /* Project object */;
}
